
Microsoft Visual Studio Solution File, Format Version 12.00
# Visual Studio 15
VisualStudioVersion = 15.0.26124.0
MinimumVisualStudioVersion = 15.0.26124.0
Project("{FAE04EC0-301F-11D3-BF4B-00C04F79EFBC}") = "Core", "Core\Core.csproj", "{CD6F6A88-9DE8-4CB2-9F96-1C9E1CCCA298}"
EndProject
Project("{FAE04EC0-301F-11D3-BF4B-00C04F79EFBC}") = "Data", "Data\Data.csproj", "{1D4F057A-7421-46A6-B656-F469A73BB674}"
EndProject
Project("{FAE04EC0-301F-11D3-BF4B-00C04F79EFBC}") = "Infrastructure", "Infrastructure\Infrastructure.csproj", "{9D25682C-CF7A-4555-9540-C7724B8CE099}"
EndProject
Project("{FAE04EC0-301F-11D3-BF4B-00C04F79EFBC}") = "Multitenancy", "Multitenancy\Multitenancy.csproj", "{9C2C0BC2-1431-4C28-8CB3-F37652C50F4A}"
EndProject
Project("{FAE04EC0-301F-11D3-BF4B-00C04F79EFBC}") = "SimpleApp", "SimpleApp\SimpleApp.csproj", "{FD499C12-4744-42F3-AEAF-F417A6C3A4A6}"
EndProject
Global
	GlobalSection(SolutionConfigurationPlatforms) = preSolution
		Debug|Any CPU = Debug|Any CPU
		Debug|x64 = Debug|x64
		Debug|x86 = Debug|x86
		Release|Any CPU = Release|Any CPU
		Release|x64 = Release|x64
		Release|x86 = Release|x86
	EndGlobalSection
	GlobalSection(SolutionProperties) = preSolution
		HideSolutionNode = FALSE
	EndGlobalSection
	GlobalSection(ProjectConfigurationPlatforms) = postSolution
		{CD6F6A88-9DE8-4CB2-9F96-1C9E1CCCA298}.Debug|Any CPU.ActiveCfg = Debug|Any CPU
		{CD6F6A88-9DE8-4CB2-9F96-1C9E1CCCA298}.Debug|Any CPU.Build.0 = Debug|Any CPU
		{CD6F6A88-9DE8-4CB2-9F96-1C9E1CCCA298}.Debug|x64.ActiveCfg = Debug|Any CPU
		{CD6F6A88-9DE8-4CB2-9F96-1C9E1CCCA298}.Debug|x64.Build.0 = Debug|Any CPU
		{CD6F6A88-9DE8-4CB2-9F96-1C9E1CCCA298}.Debug|x86.ActiveCfg = Debug|Any CPU
		{CD6F6A88-9DE8-4CB2-9F96-1C9E1CCCA298}.Debug|x86.Build.0 = Debug|Any CPU
		{CD6F6A88-9DE8-4CB2-9F96-1C9E1CCCA298}.Release|Any CPU.ActiveCfg = Release|Any CPU
		{CD6F6A88-9DE8-4CB2-9F96-1C9E1CCCA298}.Release|Any CPU.Build.0 = Release|Any CPU
		{CD6F6A88-9DE8-4CB2-9F96-1C9E1CCCA298}.Release|x64.ActiveCfg = Release|Any CPU
		{CD6F6A88-9DE8-4CB2-9F96-1C9E1CCCA298}.Release|x64.Build.0 = Release|Any CPU
		{CD6F6A88-9DE8-4CB2-9F96-1C9E1CCCA298}.Release|x86.ActiveCfg = Release|Any CPU
		{CD6F6A88-9DE8-4CB2-9F96-1C9E1CCCA298}.Release|x86.Build.0 = Release|Any CPU
		{1D4F057A-7421-46A6-B656-F469A73BB674}.Debug|Any CPU.ActiveCfg = Debug|Any CPU
		{1D4F057A-7421-46A6-B656-F469A73BB674}.Debug|Any CPU.Build.0 = Debug|Any CPU
		{1D4F057A-7421-46A6-B656-F469A73BB674}.Debug|x64.ActiveCfg = Debug|Any CPU
		{1D4F057A-7421-46A6-B656-F469A73BB674}.Debug|x64.Build.0 = Debug|Any CPU
		{1D4F057A-7421-46A6-B656-F469A73BB674}.Debug|x86.ActiveCfg = Debug|Any CPU
		{1D4F057A-7421-46A6-B656-F469A73BB674}.Debug|x86.Build.0 = Debug|Any CPU
		{1D4F057A-7421-46A6-B656-F469A73BB674}.Release|Any CPU.ActiveCfg = Release|Any CPU
		{1D4F057A-7421-46A6-B656-F469A73BB674}.Release|Any CPU.Build.0 = Release|Any CPU
		{1D4F057A-7421-46A6-B656-F469A73BB674}.Release|x64.ActiveCfg = Release|Any CPU
		{1D4F057A-7421-46A6-B656-F469A73BB674}.Release|x64.Build.0 = Release|Any CPU
		{1D4F057A-7421-46A6-B656-F469A73BB674}.Release|x86.ActiveCfg = Release|Any CPU
		{1D4F057A-7421-46A6-B656-F469A73BB674}.Release|x86.Build.0 = Release|Any CPU
		{9D25682C-CF7A-4555-9540-C7724B8CE099}.Debug|Any CPU.ActiveCfg = Debug|Any CPU
		{9D25682C-CF7A-4555-9540-C7724B8CE099}.Debug|Any CPU.Build.0 = Debug|Any CPU
		{9D25682C-CF7A-4555-9540-C7724B8CE099}.Debug|x64.ActiveCfg = Debug|Any CPU
		{9D25682C-CF7A-4555-9540-C7724B8CE099}.Debug|x64.Build.0 = Debug|Any CPU
		{9D25682C-CF7A-4555-9540-C7724B8CE099}.Debug|x86.ActiveCfg = Debug|Any CPU
		{9D25682C-CF7A-4555-9540-C7724B8CE099}.Debug|x86.Build.0 = Debug|Any CPU
		{9D25682C-CF7A-4555-9540-C7724B8CE099}.Release|Any CPU.ActiveCfg = Release|Any CPU
		{9D25682C-CF7A-4555-9540-C7724B8CE099}.Release|Any CPU.Build.0 = Release|Any CPU
		{9D25682C-CF7A-4555-9540-C7724B8CE099}.Release|x64.ActiveCfg = Release|Any CPU
		{9D25682C-CF7A-4555-9540-C7724B8CE099}.Release|x64.Build.0 = Release|Any CPU
		{9D25682C-CF7A-4555-9540-C7724B8CE099}.Release|x86.ActiveCfg = Release|Any CPU
		{9D25682C-CF7A-4555-9540-C7724B8CE099}.Release|x86.Build.0 = Release|Any CPU
		{9C2C0BC2-1431-4C28-8CB3-F37652C50F4A}.Debug|Any CPU.ActiveCfg = Debug|Any CPU
		{9C2C0BC2-1431-4C28-8CB3-F37652C50F4A}.Debug|Any CPU.Build.0 = Debug|Any CPU
		{9C2C0BC2-1431-4C28-8CB3-F37652C50F4A}.Debug|x64.ActiveCfg = Debug|Any CPU
		{9C2C0BC2-1431-4C28-8CB3-F37652C50F4A}.Debug|x64.Build.0 = Debug|Any CPU
		{9C2C0BC2-1431-4C28-8CB3-F37652C50F4A}.Debug|x86.ActiveCfg = Debug|Any CPU
		{9C2C0BC2-1431-4C28-8CB3-F37652C50F4A}.Debug|x86.Build.0 = Debug|Any CPU
		{9C2C0BC2-1431-4C28-8CB3-F37652C50F4A}.Release|Any CPU.ActiveCfg = Release|Any CPU
		{9C2C0BC2-1431-4C28-8CB3-F37652C50F4A}.Release|Any CPU.Build.0 = Release|Any CPU
		{9C2C0BC2-1431-4C28-8CB3-F37652C50F4A}.Release|x64.ActiveCfg = Release|Any CPU
		{9C2C0BC2-1431-4C28-8CB3-F37652C50F4A}.Release|x64.Build.0 = Release|Any CPU
		{9C2C0BC2-1431-4C28-8CB3-F37652C50F4A}.Release|x86.ActiveCfg = Release|Any CPU
		{9C2C0BC2-1431-4C28-8CB3-F37652C50F4A}.Release|x86.Build.0 = Release|Any CPU
		{FD499C12-4744-42F3-AEAF-F417A6C3A4A6}.Debug|Any CPU.ActiveCfg = Debug|Any CPU
		{FD499C12-4744-42F3-AEAF-F417A6C3A4A6}.Debug|Any CPU.Build.0 = Debug|Any CPU
		{FD499C12-4744-42F3-AEAF-F417A6C3A4A6}.Debug|x64.ActiveCfg = Debug|Any CPU
		{FD499C12-4744-42F3-AEAF-F417A6C3A4A6}.Debug|x64.Build.0 = Debug|Any CPU
		{FD499C12-4744-42F3-AEAF-F417A6C3A4A6}.Debug|x86.ActiveCfg = Debug|Any CPU
		{FD499C12-4744-42F3-AEAF-F417A6C3A4A6}.Debug|x86.Build.0 = Debug|Any CPU
		{FD499C12-4744-42F3-AEAF-F417A6C3A4A6}.Release|Any CPU.ActiveCfg = Release|Any CPU
		{FD499C12-4744-42F3-AEAF-F417A6C3A4A6}.Release|Any CPU.Build.0 = Release|Any CPU
		{FD499C12-4744-42F3-AEAF-F417A6C3A4A6}.Release|x64.ActiveCfg = Release|Any CPU
		{FD499C12-4744-42F3-AEAF-F417A6C3A4A6}.Release|x64.Build.0 = Release|Any CPU
		{FD499C12-4744-42F3-AEAF-F417A6C3A4A6}.Release|x86.ActiveCfg = Release|Any CPU
		{FD499C12-4744-42F3-AEAF-F417A6C3A4A6}.Release|x86.Build.0 = Release|Any CPU
	EndGlobalSection
EndGlobal
